Microsoft Visual Studio Solution File, Format Version 11.00
# Visual Studio 2008

Project("{7F75A5FB-A840-DA4D-CF22-555B1C7FD53C}") = "Bike Pick", "Assembly-CSharp-firstpass-vs.csproj", "{7B290BC2-1F69-7CA0-4BF9-0B44DACA9A75}"
EndProject
Project("{7F75A5FB-A840-DA4D-CF22-555B1C7FD53C}") = "Bike Pick", "Assembly-CSharp-vs.csproj", "{B4597314-34B5-5BC2-EA9F-872380A76442}"
EndProject
Global
	GlobalSection(SolutionConfigurationPlatforms) = preSolution
		Debug|Any CPU = Debug|Any CPU
		Release|Any CPU = Release|Any CPU
	EndGlobalSection
	GlobalSection(ProjectConfigurationPlatforms) = postSolution
		{7B290BC2-1F69-7CA0-4BF9-0B44DACA9A75}.Debug|Any CPU.ActiveCfg = Debug|Any CPU
		{7B290BC2-1F69-7CA0-4BF9-0B44DACA9A75}.Debug|Any CPU.Build.0 = Debug|Any CPU
		{7B290BC2-1F69-7CA0-4BF9-0B44DACA9A75}.Release|Any CPU.ActiveCfg = Release|Any CPU
		{7B290BC2-1F69-7CA0-4BF9-0B44DACA9A75}.Release|Any CPU.Build.0 = Release|Any CPU
		{B4597314-34B5-5BC2-EA9F-872380A76442}.Debug|Any CPU.ActiveCfg = Debug|Any CPU
		{B4597314-34B5-5BC2-EA9F-872380A76442}.Debug|Any CPU.Build.0 = Debug|Any CPU
		{B4597314-34B5-5BC2-EA9F-872380A76442}.Release|Any CPU.ActiveCfg = Release|Any CPU
		{B4597314-34B5-5BC2-EA9F-872380A76442}.Release|Any CPU.Build.0 = Release|Any CPU
	EndGlobalSection
	GlobalSection(SolutionProperties) = preSolution
		HideSolutionNode = FALSE
	EndGlobalSection
																											GlobalSection(MonoDevelopProperties) = preSolution
		StartupItem = Assembly-CSharp.csproj
		Policies = $0
		$0.TextStylePolicy = $1
		$1.inheritsSet = null
		$1.scope = text/x-csharp
		$0.CSharpFormattingPolicy = $2
		$2.inheritsSet = Mono
		$2.inheritsScope = text/x-csharp
		$2.scope = text/x-csharp
		$0.TextStylePolicy = $3
		$3.FileWidth = 120
		$3.TabWidth = 4
		$3.IndentWidth = 4
		$3.EolMarker = Unix
		$3.inheritsSet = Mono
		$3.inheritsScope = text/plain
		$3.scope = text/plain
	EndGlobalSection

EndGlobal
